PODS:
  - ChatBird (0.1.0):
    - SendBirdSDK
  - Chatto (3.5.0)
  - ChattoAdditions (3.5.0):
    - Chatto
  - SendBirdSDK (3.0.161)

DEPENDENCIES:
  - ChatBird (from `../`)
  - Chatto
  - ChattoAdditions
  - SendBirdSDK

SPEC REPOS:
  trunk:
    - Chatto
    - ChattoAdditions
    - SendBirdSDK

EXTERNAL SOURCES:
  ChatBird:
    :path: "../"

SPEC CHECKSUMS:
  ChatBird: d2695648ca58184f9def2d479d24dd5aa1e0ae14
  Chatto: 3b4d5b8c56156dfa94caafc2bd4b3b42efb809a0
  ChattoAdditions: abd81bf223d15b4cdd82e23d675a2a286c150d56
  SendBirdSDK: fae108b5757e21250d7cd32f4ff023075d7c06ae

PODFILE CHECKSUM: 0953a239a9677552ae2ab02a1bbebf712b36ed39

COCOAPODS: 1.8.4
