PODS:
  - ChatBird (0.1.0):
    - Chatto
    - ChattoAdditions
    - Nuke
    - SendBirdSDK
  - Chatto (3.5.0)
  - ChattoAdditions (3.5.0):
    - Chatto
  - Nuke (8.4.0)
  - RSKImageCropper (2.2.3)
  - SendBirdSDK (3.0.173)

DEPENDENCIES:
  - ChatBird (from `../`)
  - Chatto
  - ChattoAdditions
  - RSKImageCropper
  - SendBirdSDK

SPEC REPOS:
  trunk:
    - Chatto
    - ChattoAdditions
    - Nuke
    - RSKImageCropper
    - SendBirdSDK

EXTERNAL SOURCES:
  ChatBird:
    :path: "../"

SPEC CHECKSUMS:
  ChatBird: 6ca4f6bff9a7d28862050844d40e302a5bc927d8
  Chatto: 3b4d5b8c56156dfa94caafc2bd4b3b42efb809a0
  ChattoAdditions: abd81bf223d15b4cdd82e23d675a2a286c150d56
  Nuke: fa6f784c4f7e1c0f9313668510186c68b7af2509
  RSKImageCropper: a446db0e8444a036b34f3c43db01b2373baa4b2a
  SendBirdSDK: 3ce910f885d6fbb7d069a2dcce9a5127d157eec9

PODFILE CHECKSUM: cf2e4cd4187f198006dd898b5b05c9e7fbcb3413

COCOAPODS: 1.9.0
